
Microsoft Visual Studio Solution File, Format Version 12.00
# Visual Studio Version 17
VisualStudioVersion = 17.6.33706.43
MinimumVisualStudioVersion = 10.0.40219.1
Project("{FAE04EC0-301F-11D3-BF4B-00C04F79EFBC}") = "GraphQLProject1", "GraphQLProject1\GraphQLProject1.csproj", "{BDC9B0F3-842C-436E-AE18-D4A186981D79}"
EndProject
Global
	GlobalSection(SolutionConfigurationPlatforms) = preSolution
		Debug|Any CPU = Debug|Any CPU
		Release|Any CPU = Release|Any CPU
	EndGlobalSection
	GlobalSection(ProjectConfigurationPlatforms) = postSolution
		{BDC9B0F3-842C-436E-AE18-D4A186981D79}.Debug|Any CPU.ActiveCfg = Debug|Any CPU
		{BDC9B0F3-842C-436E-AE18-D4A186981D79}.Debug|Any CPU.Build.0 = Debug|Any CPU
		{BDC9B0F3-842C-436E-AE18-D4A186981D79}.Release|Any CPU.ActiveCfg = Release|Any CPU
		{BDC9B0F3-842C-436E-AE18-D4A186981D79}.Release|Any CPU.Build.0 = Release|Any CPU
	EndGlobalSection
	GlobalSection(SolutionProperties) = preSolution
		HideSolutionNode = FALSE
	EndGlobalSection
	GlobalSection(ExtensibilityGlobals) = postSolution
		SolutionGuid = {F278E95F-4F24-4DCA-A4F1-99DF55CBD03E}
	EndGlobalSection
EndGlobal
